{
  "nodes": {
    "nix-writers": {
      "flake": false,
      "locked": {
        "lastModified": 1677612737,
        "narHash": "sha256-UaCKZ4PbMZU6UZH7XNFcjRtd5jheswl66rjZDBfQgp8=",
        "ref": "refs/heads/master",
        "rev": "66a1f6833464bbb121b6d94247ad769f277351f8",
        "revCount": 39,
        "type": "git",
        "url": "https://cgit.krebsco.de/nix-writers"
      },
      "original": {
        "type": "git",
        "url": "https://cgit.krebsco.de/nix-writers"
      }
    },
    "nixpkgs": {
      "locked": {
        "lastModified": 1686135559,
        "narHash": "sha256-pY8waAV8K/sbHBdLn5diPFnQKpNg0YS9w03MrD2lUGE=",
        "owner": "NixOS",
        "repo": "nixpkgs",
        "rev": "381e92a35e2d196fdd6077680dca0cd0197e75cb",
        "type": "github"
      },
      "original": {
        "owner": "NixOS",
        "ref": "nixos-unstable",
        "repo": "nixpkgs",
        "type": "github"
      }
    },
    "root": {
      "inputs": {
        "nix-writers": "nix-writers",
        "nixpkgs": "nixpkgs"
      }
    }
  },
  "root": "root",
  "version": 7
}
